{
  "object": {
    "pins": [
      {
        "package": "Segment",
        "repositoryURL": "https://github.com/segmentio/analytics-swift.git",
        "state": {
          "branch": null,
          "revision": "c8fd5fdf59299f00b3e4303a1b12a6d88893bf56",
          "version": "1.4.7"
        }
      },
      {
        "package": "AnalyticsLive",
        "repositoryURL": "git@github.com:segment-integrations/analytics-swift-live.git",
        "state": {
          "branch": null,
          "revision": "3b07681d498595aa8e06cd814003db53661abb88",
          "version": "0.2.3"
        }
      },
      {
        "package": "Signals",
        "repositoryURL": "https://github.com/IBM-Swift/BlueSignals.git",
        "state": {
          "branch": null,
          "revision": "1f6c49e186c8a4eeef87ba14f2f97b8646559d13",
          "version": "1.0.200"
        }
      },
      {
        "package": "ColorizeSwift",
        "repositoryURL": "https://github.com/mtynior/ColorizeSwift.git",
        "state": {
          "branch": null,
          "revision": "2a354639173d021f4648cf1912b2b00a3a7cd83c",
          "version": "1.6.0"
        }
      },
      {
        "package": "mustache",
        "repositoryURL": "https://github.com/AlwaysRightInstitute/Mustache",
        "state": {
          "branch": null,
          "revision": "880e0eeb5c42f088cbdb6fa6aa313fa41c15bca8",
          "version": "1.0.1"
        }
      },
      {
        "package": "Nanoseconds",
        "repositoryURL": "https://github.com/dominicegginton/Nanoseconds",
        "state": {
          "branch": null,
          "revision": "d874aa99470f12f38a1b9315c0a481adfaacc8b5",
          "version": "1.1.1"
        }
      },
      {
        "package": "Rainbow",
        "repositoryURL": "https://github.com/onevcat/Rainbow",
        "state": {
          "branch": null,
          "revision": "626c3d4b6b55354b4af3aa309f998fae9b31a3d9",
          "version": "3.2.0"
        }
      },
      {
        "package": "Result",
        "repositoryURL": "https://github.com/antitypical/Result.git",
        "state": {
          "branch": null,
          "revision": "12920a5c2595926efab9274d6003e29f503dbb66",
          "version": "5.0.0"
        }
      },
      {
        "package": "Sovran",
        "repositoryURL": "https://github.com/segmentio/Sovran-Swift.git",
        "state": {
          "branch": null,
          "revision": "64f3b5150c282a34af4578188dce2fd597e600e3",
          "version": "1.1.0"
        }
      },
      {
        "package": "Spinner",
        "repositoryURL": "https://github.com/dominicegginton/Spinner",
        "state": {
          "branch": null,
          "revision": "236a0506fdf7b17afe18551d58e785c3b44e4da1",
          "version": "1.3.2"
        }
      },
      {
        "package": "Substrata",
        "repositoryURL": "git@github.com:segmentio/substrata-swift.git",
        "state": {
          "branch": null,
          "revision": "a673d773d0a6dab86a31cadcb771b45022e0c5ac",
          "version": "0.0.2"
        }
      },
      {
        "package": "SwiftCLI",
        "repositoryURL": "https://github.com/jakeheis/SwiftCLI",
        "state": {
          "branch": null,
          "revision": "2e949055d9797c1a6bddcda0e58dada16cc8e970",
          "version": "6.0.3"
        }
      },
      {
        "package": "SwiftCSV",
        "repositoryURL": "https://github.com/swiftcsv/SwiftCSV.git",
        "state": {
          "branch": null,
          "revision": "039cc273dcc91f4c9d85e05a2514bbe63e7dde60",
          "version": "0.6.1"
        }
      }
    ]
  },
  "version": 1
}
